
Microsoft Visual Studio Solution File, Format Version 12.00
# Visual Studio Version 17
VisualStudioVersion = 17.7.34003.232
MinimumVisualStudioVersion = 10.0.40219.1
Project("{8BC9CEB8-8B4A-11D0-8D11-00A0C91BC942}") = "Program", "Program.vcxproj", "{56F99F36-10BB-4F56-904E-1C44404BF6B1}"
EndProject
Project("{8BC9CEB8-8B4A-11D0-8D11-00A0C91BC942}") = "Class1th (Stream)", "..\Class1th (Stream)\Class1th (Stream).vcxproj", "{F03B3EAF-AA76-453A-B2F7-F1B018A55C5B}"
EndProject
Project("{8BC9CEB8-8B4A-11D0-8D11-00A0C91BC942}") = "Class2th (Namespace)", "..\Class2th (Namespace)\Class2th (Namespace).vcxproj", "{460B3C8A-A780-4044-B5AF-4ACB609A9B31}"
EndProject
Project("{8BC9CEB8-8B4A-11D0-8D11-00A0C91BC942}") = "Class3th (Class)", "..\Class3th (Class)\Class3th (Class).vcxproj", "{E0CF6CE9-A2B0-41A3-AC0B-0EAEC8F3F40C}"
EndProject
Project("{8BC9CEB8-8B4A-11D0-8D11-00A0C91BC942}") = "Class4th (Copy Constructor)", "..\Class4th (Copy Constructor)\Class4th (Copy Constructor).vcxproj", "{5ADCD292-7E7E-4DF7-A170-A4E25ABEC8B9}"
EndProject
Project("{8BC9CEB8-8B4A-11D0-8D11-00A0C91BC942}") = "Class5th (Default Parameter)", "..\Class5th (Default Parameter)\Class5th (Default Parameter).vcxproj", "{5AAA2116-61DD-4617-A73C-6BBB133C5364}"
EndProject
Project("{8BC9CEB8-8B4A-11D0-8D11-00A0C91BC942}") = "Class6th (Encapsulation)", "..\Class6th (Encapsulation)\Class6th (Encapsulation).vcxproj", "{F794293F-870C-45F7-ADC5-D50D53DD64AD}"
EndProject
Global
	GlobalSection(SolutionConfigurationPlatforms) = preSolution
		Debug|x64 = Debug|x64
		Debug|x86 = Debug|x86
		Release|x64 = Release|x64
		Release|x86 = Release|x86
	EndGlobalSection
	GlobalSection(ProjectConfigurationPlatforms) = postSolution
		{56F99F36-10BB-4F56-904E-1C44404BF6B1}.Debug|x64.ActiveCfg = Debug|x64
		{56F99F36-10BB-4F56-904E-1C44404BF6B1}.Debug|x64.Build.0 = Debug|x64
		{56F99F36-10BB-4F56-904E-1C44404BF6B1}.Debug|x86.ActiveCfg = Debug|Win32
		{56F99F36-10BB-4F56-904E-1C44404BF6B1}.Debug|x86.Build.0 = Debug|Win32
		{56F99F36-10BB-4F56-904E-1C44404BF6B1}.Release|x64.ActiveCfg = Release|x64
		{56F99F36-10BB-4F56-904E-1C44404BF6B1}.Release|x64.Build.0 = Release|x64
		{56F99F36-10BB-4F56-904E-1C44404BF6B1}.Release|x86.ActiveCfg = Release|Win32
		{56F99F36-10BB-4F56-904E-1C44404BF6B1}.Release|x86.Build.0 = Release|Win32
		{F03B3EAF-AA76-453A-B2F7-F1B018A55C5B}.Debug|x64.ActiveCfg = Debug|x64
		{F03B3EAF-AA76-453A-B2F7-F1B018A55C5B}.Debug|x64.Build.0 = Debug|x64
		{F03B3EAF-AA76-453A-B2F7-F1B018A55C5B}.Debug|x86.ActiveCfg = Debug|Win32
		{F03B3EAF-AA76-453A-B2F7-F1B018A55C5B}.Debug|x86.Build.0 = Debug|Win32
		{F03B3EAF-AA76-453A-B2F7-F1B018A55C5B}.Release|x64.ActiveCfg = Release|x64
		{F03B3EAF-AA76-453A-B2F7-F1B018A55C5B}.Release|x64.Build.0 = Release|x64
		{F03B3EAF-AA76-453A-B2F7-F1B018A55C5B}.Release|x86.ActiveCfg = Release|Win32
		{F03B3EAF-AA76-453A-B2F7-F1B018A55C5B}.Release|x86.Build.0 = Release|Win32
		{460B3C8A-A780-4044-B5AF-4ACB609A9B31}.Debug|x64.ActiveCfg = Debug|x64
		{460B3C8A-A780-4044-B5AF-4ACB609A9B31}.Debug|x64.Build.0 = Debug|x64
		{460B3C8A-A780-4044-B5AF-4ACB609A9B31}.Debug|x86.ActiveCfg = Debug|Win32
		{460B3C8A-A780-4044-B5AF-4ACB609A9B31}.Debug|x86.Build.0 = Debug|Win32
		{460B3C8A-A780-4044-B5AF-4ACB609A9B31}.Release|x64.ActiveCfg = Release|x64
		{460B3C8A-A780-4044-B5AF-4ACB609A9B31}.Release|x64.Build.0 = Release|x64
		{460B3C8A-A780-4044-B5AF-4ACB609A9B31}.Release|x86.ActiveCfg = Release|Win32
		{460B3C8A-A780-4044-B5AF-4ACB609A9B31}.Release|x86.Build.0 = Release|Win32
		{E0CF6CE9-A2B0-41A3-AC0B-0EAEC8F3F40C}.Debug|x64.ActiveCfg = Debug|x64
		{E0CF6CE9-A2B0-41A3-AC0B-0EAEC8F3F40C}.Debug|x64.Build.0 = Debug|x64
		{E0CF6CE9-A2B0-41A3-AC0B-0EAEC8F3F40C}.Debug|x86.ActiveCfg = Debug|Win32
		{E0CF6CE9-A2B0-41A3-AC0B-0EAEC8F3F40C}.Debug|x86.Build.0 = Debug|Win32
		{E0CF6CE9-A2B0-41A3-AC0B-0EAEC8F3F40C}.Release|x64.ActiveCfg = Release|x64
		{E0CF6CE9-A2B0-41A3-AC0B-0EAEC8F3F40C}.Release|x64.Build.0 = Release|x64
		{E0CF6CE9-A2B0-41A3-AC0B-0EAEC8F3F40C}.Release|x86.ActiveCfg = Release|Win32
		{E0CF6CE9-A2B0-41A3-AC0B-0EAEC8F3F40C}.Release|x86.Build.0 = Release|Win32
		{5ADCD292-7E7E-4DF7-A170-A4E25ABEC8B9}.Debug|x64.ActiveCfg = Debug|x64
		{5ADCD292-7E7E-4DF7-A170-A4E25ABEC8B9}.Debug|x64.Build.0 = Debug|x64
		{5ADCD292-7E7E-4DF7-A170-A4E25ABEC8B9}.Debug|x86.ActiveCfg = Debug|Win32
		{5ADCD292-7E7E-4DF7-A170-A4E25ABEC8B9}.Debug|x86.Build.0 = Debug|Win32
		{5ADCD292-7E7E-4DF7-A170-A4E25ABEC8B9}.Release|x64.ActiveCfg = Release|x64
		{5ADCD292-7E7E-4DF7-A170-A4E25ABEC8B9}.Release|x64.Build.0 = Release|x64
		{5ADCD292-7E7E-4DF7-A170-A4E25ABEC8B9}.Release|x86.ActiveCfg = Release|Win32
		{5ADCD292-7E7E-4DF7-A170-A4E25ABEC8B9}.Release|x86.Build.0 = Release|Win32
		{5AAA2116-61DD-4617-A73C-6BBB133C5364}.Debug|x64.ActiveCfg = Debug|x64
		{5AAA2116-61DD-4617-A73C-6BBB133C5364}.Debug|x64.Build.0 = Debug|x64
		{5AAA2116-61DD-4617-A73C-6BBB133C5364}.Debug|x86.ActiveCfg = Debug|Win32
		{5AAA2116-61DD-4617-A73C-6BBB133C5364}.Debug|x86.Build.0 = Debug|Win32
		{5AAA2116-61DD-4617-A73C-6BBB133C5364}.Release|x64.ActiveCfg = Release|x64
		{5AAA2116-61DD-4617-A73C-6BBB133C5364}.Release|x64.Build.0 = Release|x64
		{5AAA2116-61DD-4617-A73C-6BBB133C5364}.Release|x86.ActiveCfg = Release|Win32
		{5AAA2116-61DD-4617-A73C-6BBB133C5364}.Release|x86.Build.0 = Release|Win32
		{F794293F-870C-45F7-ADC5-D50D53DD64AD}.Debug|x64.ActiveCfg = Debug|x64
		{F794293F-870C-45F7-ADC5-D50D53DD64AD}.Debug|x64.Build.0 = Debug|x64
		{F794293F-870C-45F7-ADC5-D50D53DD64AD}.Debug|x86.ActiveCfg = Debug|Win32
		{F794293F-870C-45F7-ADC5-D50D53DD64AD}.Debug|x86.Build.0 = Debug|Win32
		{F794293F-870C-45F7-ADC5-D50D53DD64AD}.Release|x64.ActiveCfg = Release|x64
		{F794293F-870C-45F7-ADC5-D50D53DD64AD}.Release|x64.Build.0 = Release|x64
		{F794293F-870C-45F7-ADC5-D50D53DD64AD}.Release|x86.ActiveCfg = Release|Win32
		{F794293F-870C-45F7-ADC5-D50D53DD64AD}.Release|x86.Build.0 = Release|Win32
	EndGlobalSection
	GlobalSection(SolutionProperties) = preSolution
		HideSolutionNode = FALSE
	EndGlobalSection
	GlobalSection(ExtensibilityGlobals) = postSolution
		SolutionGuid = {3C91F4BC-A84C-458C-8672-5AFB01917450}
	EndGlobalSection
EndGlobal
